<Solution>
  <Folder Name="/src/">
    <Project Path="src/Castellan.App/Castellan.App.csproj" />
    <Project Path="src/Castellan.Application/Castellan.Application.csproj" />
    <Project Path="src/Castellan.Domain/Castellan.Domain.csproj" />
    <Project Path="src/Castellan.Infrastructure/Castellan.Infrastructure.csproj" />
  </Folder>
  <Folder Name="/tests/">
    <Project Path="tests/Castellan.Application.Tests/Castellan.Application.Tests.csproj" />
    <Project Path="tests/Castellan.Domain.Tests/Castellan.Domain.Tests.csproj" />
    <Project Path="tests/Castellan.Infrastructure.Tests/Castellan.Infrastructure.Tests.csproj" />
  </Folder>
</Solution>
